#MicroXplorer Configuration settings - do not modify
Mcu.Family=STM32F4
ProjectManager.MainLocation=Src
FSMC.AddressSetupTime1=4
PA6.Mode=Slave_8_bits_External_Synchro
PH0-OSC_IN.Signal=RCC_OSC_IN
RCC.CortexFreq_Value=168000000
SH.FSMC_D1_DA1.0=FSMC_D1,16b-d1
ProjectManager.KeepUserCode=true
Mcu.UserName=STM32F417ZGTx
PB10.Mode=I2C
SH.FSMC_A6.0=FSMC_A6,10b-a1
PG8.Signal=GPIO_Output
PG8.Locked=true
RCC.PLLCLKFreq_Value=168000000
SH.FSMC_NWE.0=FSMC_NWE,Sram1
RCC.PLLQCLKFreq_Value=48000000
ProjectManager.functionlistsort=1-MX_GPIO_Init-GPIO-false-HAL-true,2-MX_DMA_Init-DMA-false-HAL-true,3-SystemClock_Config-RCC-false-HAL-false,4-MX_FSMC_Init-FSMC-false-HAL-true,5-MX_USART1_UART_Init-USART1-false-HAL-true,6-MX_DCMI_Init-DCMI-false-HAL-true,7-MX_I2C2_Init-I2C2-false-HAL-true
SH.FSMC_D0_DA0.0=FSMC_D0,16b-d1
RCC.RTCFreq_Value=32000
Dma.DCMI.0.MemBurst=DMA_MBURST_SINGLE
USART1.IPParameters=VirtualMode
PB11.Signal=I2C2_SDA
PinOutPanel.RotationAngle=0
RCC.SYSCLKSource=RCC_SYSCLKSOURCE_PLLCLK
RCC.MCO1PinFreq_Value=16000000
ProjectManager.StackSize=0x400
Dma.DCMI.0.FIFOMode=DMA_FIFOMODE_ENABLE
Dma.DCMI.0.MemDataAlignment=DMA_MDATAALIGN_WORD
PD13.Signal=GPIO_Input
Dma.DCMI.0.FIFOThreshold=DMA_FIFO_THRESHOLD_FULL
Mcu.IP4=NVIC
Mcu.IP5=RCC
RCC.FCLKCortexFreq_Value=168000000
PD13.Locked=true
Mcu.IP2=FSMC
NVIC.SVCall_IRQn=true\:0\:0\:false\:false\:true\:false\:false
Mcu.IP3=I2C2
Mcu.IP0=DCMI
Mcu.IP1=DMA
Dma.DCMI.0.MemInc=DMA_MINC_ENABLE
Mcu.UserConstants=
PA4.Mode=Slave_8_bits_External_Synchro
Dma.DCMI.0.PeriphDataAlignment=DMA_PDATAALIGN_WORD
SH.FSMC_A7.0=FSMC_A7,10b-a1
Mcu.ThirdPartyNb=0
RCC.HCLKFreq_Value=168000000
Mcu.IPNb=8
RCC.I2SClocksFreq_Value=192000000
ProjectManager.PreviousToolchain=STM32CubeIDE
PD4.Signal=FSMC_NOE
RCC.APB2TimFreq_Value=168000000
PB6.Signal=DCMI_D5
RCC.VcooutputI2S=192000000
PC7.Signal=DCMI_D1
PF12.Signal=FSMC_A6
PB6.Mode=Slave_8_bits_External_Synchro
Mcu.Pin6=PF1
PD0.Signal=FSMC_D2_DA2
Mcu.Pin7=PF2
PD8.Signal=FSMC_D13_DA13
Mcu.Pin8=PF3
PE5.Signal=DCMI_D6
Mcu.Pin9=PF4
PE1.Signal=DCMI_D3
RCC.AHBFreq_Value=168000000
PH0-OSC_IN.Mode=HSE-External-Oscillator
Mcu.Pin0=PE2
Mcu.Pin1=PE3
GPIO.groupedBy=
Mcu.Pin2=PE4
Mcu.Pin3=PE5
SH.FSMC_D4_DA4.ConfNb=1
SH.FSMC_D12_DA12.ConfNb=1
Mcu.Pin4=PE6
Mcu.Pin5=PF0
ProjectManager.ProjectBuild=false
RCC.HSE_VALUE=8000000
NVIC.UsageFault_IRQn=true\:0\:0\:false\:false\:true\:false\:false
NVIC.DebugMonitor_IRQn=true\:0\:0\:false\:false\:true\:false\:false
PA8.Locked=true
PA4.Locked=true
NVIC.SysTick_IRQn=true\:0\:0\:false\:false\:true\:false\:true
SH.FSMC_D6_DA6.ConfNb=1
DCMI.PCKPolarity=DCMI_PCKPOLARITY_RISING
ProjectManager.FirmwarePackage=STM32Cube FW_F4 V1.26.1
MxDb.Version=DB.6.0.21
SH.FSMC_NOE.ConfNb=1
PE13.Signal=FSMC_D10_DA10
ProjectManager.BackupPrevious=false
SH.FSMC_D14_DA14.0=FSMC_D14,16b-d1
SH.FSMC_D10_DA10.0=FSMC_D10,16b-d1
RCC.VCOInputFreq_Value=2000000
PE9.Signal=FSMC_D6_DA6
PA14.Mode=Serial_Wire
SH.FSMC_A0.0=FSMC_A0,10b-a1
SH.FSMC_D6_DA6.0=FSMC_D6,16b-d1
File.Version=6
SH.FSMC_D9_DA9.ConfNb=1
SH.FSMC_A8.0=FSMC_A8,10b-a1
PE2.Signal=GPIO_Output
PE3.Locked=true
PB7.Signal=DCMI_VSYNC
PA8.Signal=RCC_MCO_1
FSMC.BusTurnAroundDuration1=4
Dma.DCMI.0.PeriphBurst=DMA_PBURST_SINGLE
NVIC.PendSV_IRQn=true\:0\:0\:false\:false\:true\:false\:false
PE4.Mode=Slave_8_bits_External_Synchro
PF3.Signal=FSMC_A3
PE4.Signal=DCMI_D4
PE10.Signal=FSMC_D7_DA7
SH.FSMC_D5_DA5.0=FSMC_D5,16b-d1
Dma.RequestsNb=1
ProjectManager.HalAssertFull=false
ProjectManager.ProjectName=ex12_w5300_netcam
SH.FSMC_D4_DA4.0=FSMC_D4,16b-d1
SH.FSMC_A0.ConfNb=1
PH1-OSC_OUT.Mode=HSE-External-Oscillator
RCC.MCO2PinFreq_Value=168000000
SH.FSMC_A8.ConfNb=1
Mcu.Package=LQFP144
PB1.Signal=GPIO_Output
PA6.Signal=DCMI_PIXCLK
SH.FSMC_A2.ConfNb=1
Dma.DCMI.0.RequestParameters=Instance,Direction,PeriphInc,MemInc,PeriphDataAlignment,MemDataAlignment,Mode,Priority,FIFOMode,FIFOThreshold,MemBurst,PeriphBurst
SH.FSMC_D15_DA15.ConfNb=1
Dma.DCMI.0.Direction=DMA_PERIPH_TO_MEMORY
FSMC.IPParameters=WriteOperation1,AddressSetupTime1,BusTurnAroundDuration1
ProjectManager.ToolChainLocation=
RCC.LSI_VALUE=32000
SH.FSMC_D13_DA13.0=FSMC_D13,16b-d1
SH.FSMC_D14_DA14.ConfNb=1
VP_SYS_VS_Systick.Signal=SYS_VS_Systick
PA10.Signal=USART1_RX
PF5.Signal=FSMC_A5
SH.FSMC_A1.0=FSMC_A1,10b-a1
RCC.APB2CLKDivider=RCC_HCLK_DIV2
SH.FSMC_D3_DA3.0=FSMC_D3,16b-d1
SH.FSMC_A9.0=FSMC_A9,10b-a1
PF14.Signal=FSMC_A8
RCC.APB1TimFreq_Value=84000000
NVIC.BusFault_IRQn=true\:0\:0\:false\:false\:true\:false\:false
SH.FSMC_D2_DA2.0=FSMC_D2,16b-d1
SH.FSMC_NWE.ConfNb=1
PF0.Signal=FSMC_A0
PE7.Signal=FSMC_D4_DA4
Dma.Request0=DCMI
SH.FSMC_D7_DA7.ConfNb=1
PD15.Signal=FSMC_D1_DA1
ProjectManager.CustomerFirmwarePackage=
PB3.Locked=true
PB4.Signal=SPI1_MISO
SH.FSMC_A5.ConfNb=1
RCC.PLLSourceVirtual=RCC_PLLSOURCE_HSE
ProjectManager.ProjectFileName=ex12_w5300_netcam.ioc
SH.FSMC_D12_DA12.0=FSMC_D12,16b-d1
PG7.Locked=true
PG7.Signal=GPIO_Output
SH.FSMC_A2.0=FSMC_A2,10b-a1
PA10.Mode=Asynchronous
Mcu.PinsNb=62
FSMC.WriteOperation1=FSMC_WRITE_OPERATION_ENABLE
ProjectManager.NoMain=false
PG9.Signal=FSMC_NE2
PD3.Signal=GPIO_Output
PE1.Mode=Slave_8_bits_External_Synchro
PG9.Mode=NorPsramChipSelect2_1
PC2.Signal=GPIO_Output
PC6.Signal=DCMI_D0
PD13.GPIOParameters=GPIO_PuPd
SH.FSMC_D8_DA8.ConfNb=1
PD1.Signal=FSMC_D3_DA3
ProjectManager.DefaultFWLocation=true
SH.FSMC_D9_DA9.0=FSMC_D9,16b-d1
PD9.Signal=FSMC_D14_DA14
PD5.Signal=FSMC_NWE
SH.FSMC_D11_DA11.ConfNb=1
NVIC.DMA2_Stream1_IRQn=true\:0\:0\:false\:false\:true\:false\:true
ProjectManager.DeletePrevious=true
RCC.APB1CLKDivider=RCC_HCLK_DIV4
PB10.Locked=true
Mcu.Pin60=PE1
Mcu.Pin61=VP_SYS_VS_Systick
RCC.FamilyName=M
SH.FSMC_D8_DA8.0=FSMC_D8,16b-d1
PD10.Signal=FSMC_D15_DA15
PA13.Signal=SYS_JTMS-SWDIO
SH.FSMC_D13_DA13.ConfNb=1
PA9.Mode=Asynchronous
Mcu.Pin59=PE0
Mcu.Pin57=PB6
Mcu.Pin58=PB7
PF6.Signal=GPIO_Input
PB11.Mode=I2C
SH.FSMC_A3.0=FSMC_A3,10b-a1
ProjectManager.TargetToolchain=STM32CubeIDE
SH.FSMC_D5_DA5.ConfNb=1
Mcu.Pin51=PD4
Mcu.Pin52=PD5
PF6.Locked=true
Mcu.Pin50=PD3
PC6.Mode=Slave_8_bits_External_Synchro
Mcu.Pin55=PB4
Mcu.Pin56=PB5
Mcu.Pin53=PG9
Mcu.Pin54=PB3
SH.FSMC_A3.ConfNb=1
PA9.Signal=USART1_TX
Dma.DCMI.0.Instance=DMA2_Stream1
Dma.DCMI.0.Mode=DMA_CIRCULAR
PB5.Locked=true
PF2.Signal=FSMC_A2
PC2.Locked=true
ProjectManager.RegisterCallBack=
PE11.Signal=FSMC_D8_DA8
RCC.LSE_VALUE=32768
PD3.Locked=true
Mcu.Pin48=PD0
Mcu.Pin49=PD1
PB1.Locked=true
Mcu.Pin46=PA13
Mcu.Pin47=PA14
PB10.Signal=I2C2_SCL
DCMI.JPEGMode=DCMI_JPEG_DISABLE
RCC.VCOI2SOutputFreq_Value=384000000
SH.FSMC_A7.ConfNb=1
Mcu.Pin40=PG8
Mcu.Pin41=PC6
DCMI.IPParameters=JPEGMode,PCKPolarity
Mcu.Pin44=PA9
SH.FSMC_D7_DA7.0=FSMC_D7,16b-d1
Mcu.Pin45=PA10
Mcu.Pin42=PC7
board=custom
Mcu.Pin43=PA8
SH.FSMC_D0_DA0.ConfNb=1
RCC.VCOOutputFreq_Value=336000000
ProjectManager.LastFirmware=true
SH.FSMC_D3_DA3.ConfNb=1
RCC.APB2Freq_Value=84000000
PE14.Signal=FSMC_D11_DA11
PE6.Mode=Slave_8_bits_External_Synchro
PE15.Signal=FSMC_D12_DA12
MxCube.Version=6.2.1
Mcu.Pin37=PD14
Mcu.Pin38=PD15
Mcu.Pin35=PD10
PE8.Signal=FSMC_D5_DA5
Mcu.Pin36=PD13
Mcu.Pin39=PG7
PE5.Mode=Slave_8_bits_External_Synchro
Mcu.Pin30=PE15
SH.FSMC_A4.0=FSMC_A4,10b-a1
VP_SYS_VS_Systick.Mode=SysTick
RCC.EthernetFreq_Value=168000000
Mcu.Pin33=PD8
PH1-OSC_OUT.Signal=RCC_OSC_OUT
Mcu.Pin34=PD9
Mcu.Pin31=PB10
Mcu.Pin32=PB11
PD13.GPIO_PuPd=GPIO_PULLUP
PF15.Signal=FSMC_A9
SH.FSMC_A4.ConfNb=1
NVIC.NonMaskableInt_IRQn=true\:0\:0\:false\:false\:true\:false\:false
PF13.Signal=FSMC_A7
PF1.Signal=FSMC_A1
PE6.Signal=DCMI_D7
PA13.Mode=Serial_Wire
ProjectManager.FreePins=false
RCC.IPParameters=48MHZClocksFreq_Value,AHBFreq_Value,APB1CLKDivider,APB1Freq_Value,APB1TimFreq_Value,APB2CLKDivider,APB2Freq_Value,APB2TimFreq_Value,CortexFreq_Value,EthernetFreq_Value,FCLKCortexFreq_Value,FamilyName,HCLKFreq_Value,HSE_VALUE,HSI_VALUE,I2SClocksFreq_Value,LSE_VALUE,LSI_VALUE,MCO1PinFreq_Value,MCO2PinFreq_Value,PLLCLKFreq_Value,PLLM,PLLN,PLLQ,PLLQCLKFreq_Value,PLLSourceVirtual,RTCFreq_Value,RTCHSEDivFreq_Value,SYSCLKFreq_VALUE,SYSCLKSource,VCOI2SOutputFreq_Value,VCOInputFreq_Value,VCOOutputFreq_Value,VcooutputI2S
ProjectManager.AskForMigrate=true
Mcu.Name=STM32F417Z(E-G)Tx
PE0.Signal=DCMI_D2
Mcu.Pin26=PE11
PE12.Signal=FSMC_D9_DA9
Mcu.Pin27=PE12
RCC.RTCHSEDivFreq_Value=4000000
Mcu.Pin24=PE9
ProjectManager.UnderRoot=true
Mcu.Pin25=PE10
Mcu.Pin28=PE13
PD14.Signal=FSMC_D0_DA0
Mcu.IP6=SYS
Mcu.Pin29=PE14
Mcu.IP7=USART1
ProjectManager.CoupleFile=false
PB4.Locked=true
RCC.48MHZClocksFreq_Value=48000000
PB3.Signal=SPI1_SCK
PA4.Signal=DCMI_HSYNC
RCC.SYSCLKFreq_VALUE=168000000
Mcu.Pin22=PE7
PB5.Signal=SPI1_MOSI
SH.FSMC_A6.ConfNb=1
Mcu.Pin23=PE8
Mcu.Pin20=PF14
Mcu.Pin21=PF15
NVIC.ForceEnableDMAVector=true
KeepUserPlacement=false
NVIC.MemoryManagement_IRQn=true\:0\:0\:false\:false\:true\:false\:false
USART1.VirtualMode=VM_ASYNC
ProjectManager.CompilerOptimize=6
PB7.Mode=Slave_8_bits_External_Synchro
SH.FSMC_D15_DA15.0=FSMC_D15,16b-d1
PA14.Signal=SYS_JTCK-SWCLK
ProjectManager.HeapSize=0x200
Mcu.Pin15=PA4
NVIC.HardFault_IRQn=true\:0\:0\:false\:false\:true\:false\:false
Mcu.Pin16=PA6
PF6.GPIOParameters=GPIO_PuPd
Mcu.Pin13=PH1-OSC_OUT
SH.FSMC_D11_DA11.0=FSMC_D11,16b-d1
Mcu.Pin14=PC2
Mcu.Pin19=PF13
SH.FSMC_NOE.0=FSMC_NOE,Sram1
ProjectManager.ComputerToolchain=false
Mcu.Pin17=PB1
SH.FSMC_D2_DA2.ConfNb=1
RCC.HSI_VALUE=16000000
Mcu.Pin18=PF12
SH.FSMC_D1_DA1.ConfNb=1
RCC.PLLQ=7
NVIC.PriorityGroup=NVIC_PRIORITYGROUP_4
SH.FSMC_A5.0=FSMC_A5,10b-a1
Mcu.Pin11=PF6
Mcu.Pin12=PH0-OSC_IN
RCC.PLLM=4
RCC.PLLN=168
PF6.GPIO_PuPd=GPIO_PULLUP
Mcu.Pin10=PF5
PB7.Locked=true
PE2.Locked=true
PE3.Signal=GPIO_Output
PA8.Mode=Clock-out-1
Dma.DCMI.0.PeriphInc=DMA_PINC_DISABLE
PF4.Signal=FSMC_A4
NVIC.DCMI_IRQn=true\:0\:0\:false\:false\:true\:true\:true
PC7.Mode=Slave_8_bits_External_Synchro
RCC.APB1Freq_Value=42000000
PB11.Locked=true
ProjectManager.DeviceId=STM32F417ZGTx
PE0.Mode=Slave_8_bits_External_Synchro
ProjectManager.LibraryCopy=1
SH.FSMC_A9.ConfNb=1
Dma.DCMI.0.Priority=DMA_PRIORITY_VERY_HIGH
SH.FSMC_A1.ConfNb=1
SH.FSMC_D10_DA10.ConfNb=1
isbadioc=true
