
Microsoft Visual Studio Solution File, Format Version 12.00
# Visual Studio Version 16
VisualStudioVersion = 16.0.30011.22
MinimumVisualStudioVersion = 10.0.40219.1
Project("{8BC9CEB8-8B4A-11D0-8D11-00A0C91BC942}") = "NetImagePlay", "NetImagePlay\NetImagePlay.vcxproj", "{FE7EAC6B-669D-450E-84BB-E79EC6067D7E}"
EndProject
Global
	GlobalSection(SolutionConfigurationPlatforms) = preSolution
		Debug|x64 = Debug|x64
		Debug|x86 = Debug|x86
		Release|x64 = Release|x64
		Release|x86 = Release|x86
	EndGlobalSection
	GlobalSection(ProjectConfigurationPlatforms) = postSolution
		{FE7EAC6B-669D-450E-84BB-E79EC6067D7E}.Debug|x64.ActiveCfg = Debug|x64
		{FE7EAC6B-669D-450E-84BB-E79EC6067D7E}.Debug|x64.Build.0 = Debug|x64
		{FE7EAC6B-669D-450E-84BB-E79EC6067D7E}.Debug|x86.ActiveCfg = Debug|Win32
		{FE7EAC6B-669D-450E-84BB-E79EC6067D7E}.Debug|x86.Build.0 = Debug|Win32
		{FE7EAC6B-669D-450E-84BB-E79EC6067D7E}.Release|x64.ActiveCfg = Release|x64
		{FE7EAC6B-669D-450E-84BB-E79EC6067D7E}.Release|x64.Build.0 = Release|x64
		{FE7EAC6B-669D-450E-84BB-E79EC6067D7E}.Release|x86.ActiveCfg = Release|Win32
		{FE7EAC6B-669D-450E-84BB-E79EC6067D7E}.Release|x86.Build.0 = Release|Win32
	EndGlobalSection
	GlobalSection(SolutionProperties) = preSolution
		HideSolutionNode = FALSE
	EndGlobalSection
	GlobalSection(ExtensibilityGlobals) = postSolution
		SolutionGuid = {A778A7FF-CFCF-4534-B316-6AA5E03E067F}
	EndGlobalSection
EndGlobal
